// !$*UTF8*$!
{
	archiveVersion = 1;
	classes = {
	};
	objectVersion = 55;
	objects = {

/* Begin PBXBuildFile section */
		956C3C1B28EE561C00DC9054 /* GoogleSignIn in Frameworks */ = {isa = PBXBuildFile; productRef = 956C3C1A28EE561C00DC9054 /* GoogleSignIn */; };
		956C3C1D28EE561C00DC9054 /* GoogleSignInSwift in Frameworks */ = {isa = PBXBuildFile; productRef = 956C3C1C28EE561C00DC9054 /* GoogleSignInSwift */; };
		956C3C2028EE5AFE00DC9054 /* FirebaseAnalyticsOnDeviceConversion in Frameworks */ = {isa = PBXBuildFile; productRef = 956C3C1F28EE5AFE00DC9054 /* FirebaseAnalyticsOnDeviceConversion */; };
		956C3C2228EE5AFE00DC9054 /* FirebaseAnalyticsSwift in Frameworks */ = {isa = PBXBuildFile; productRef = 956C3C2128EE5AFE00DC9054 /* FirebaseAnalyticsSwift */; };
		956C3C2428EE5AFE00DC9054 /* FirebaseAnalyticsWithoutAdIdSupport in Frameworks */ = {isa = PBXBuildFile; productRef = 956C3C2328EE5AFE00DC9054 /* FirebaseAnalyticsWithoutAdIdSupport */; };
		956C3C2628EE5AFE00DC9054 /* FirebaseAppCheck in Frameworks */ = {isa = PBXBuildFile; productRef = 956C3C2528EE5AFE00DC9054 /* FirebaseAppCheck */; };
		956C3C2828EE5AFE00DC9054 /* FirebaseAppDistribution-Beta in Frameworks */ = {isa = PBXBuildFile; productRef = 956C3C2728EE5AFE00DC9054 /* FirebaseAppDistribution-Beta */; };
		956C3C2A28EE5AFE00DC9054 /* FirebaseAuthCombine-Community in Frameworks */ = {isa = PBXBuildFile; productRef = 956C3C2928EE5AFE00DC9054 /* FirebaseAuthCombine-Community */; };
		956C3C2C28EE5AFE00DC9054 /* FirebaseCrashlytics in Frameworks */ = {isa = PBXBuildFile; productRef = 956C3C2B28EE5AFE00DC9054 /* FirebaseCrashlytics */; };
		956C3C2E28EE5AFE00DC9054 /* FirebaseDynamicLinks in Frameworks */ = {isa = PBXBuildFile; productRef = 956C3C2D28EE5AFE00DC9054 /* FirebaseDynamicLinks */; };
		956C3C3028EE5AFE00DC9054 /* FirebaseFirestore in Frameworks */ = {isa = PBXBuildFile; productRef = 956C3C2F28EE5AFE00DC9054 /* FirebaseFirestore */; };
		956C3C3228EE5AFE00DC9054 /* FirebaseFirestoreCombine-Community in Frameworks */ = {isa = PBXBuildFile; productRef = 956C3C3128EE5AFE00DC9054 /* FirebaseFirestoreCombine-Community */; };
		956C3C3428EE5AFE00DC9054 /* FirebaseFirestoreSwift in Frameworks */ = {isa = PBXBuildFile; productRef = 956C3C3328EE5AFE00DC9054 /* FirebaseFirestoreSwift */; };
		956C3C3628EE5AFE00DC9054 /* FirebaseFunctions in Frameworks */ = {isa = PBXBuildFile; productRef = 956C3C3528EE5AFE00DC9054 /* FirebaseFunctions */; };
		956C3C3828EE5AFE00DC9054 /* FirebaseFunctionsCombine-Community in Frameworks */ = {isa = PBXBuildFile; productRef = 956C3C3728EE5AFE00DC9054 /* FirebaseFunctionsCombine-Community */; };
		956C3C3A28EE5AFE00DC9054 /* FirebaseInAppMessaging-Beta in Frameworks */ = {isa = PBXBuildFile; productRef = 956C3C3928EE5AFE00DC9054 /* FirebaseInAppMessaging-Beta */; };
		956C3C3C28EE5AFE00DC9054 /* FirebaseInAppMessagingSwift-Beta in Frameworks */ = {isa = PBXBuildFile; productRef = 956C3C3B28EE5AFE00DC9054 /* FirebaseInAppMessagingSwift-Beta */; };
		956C3C3E28EE5AFE00DC9054 /* FirebaseInstallations in Frameworks */ = {isa = PBXBuildFile; productRef = 956C3C3D28EE5AFE00DC9054 /* FirebaseInstallations */; };
		956C3C4028EE5AFE00DC9054 /* FirebaseMessaging in Frameworks */ = {isa = PBXBuildFile; productRef = 956C3C3F28EE5AFE00DC9054 /* FirebaseMessaging */; };
		956C3C4228EE5AFE00DC9054 /* FirebaseMLModelDownloader in Frameworks */ = {isa = PBXBuildFile; productRef = 956C3C4128EE5AFE00DC9054 /* FirebaseMLModelDownloader */; };
		956C3C4428EE5AFE00DC9054 /* FirebasePerformance in Frameworks */ = {isa = PBXBuildFile; productRef = 956C3C4328EE5AFE00DC9054 /* FirebasePerformance */; };
		956C3C4628EE5AFE00DC9054 /* FirebaseRemoteConfig in Frameworks */ = {isa = PBXBuildFile; productRef = 956C3C4528EE5AFE00DC9054 /* FirebaseRemoteConfig */; };
		956C3C4828EE5AFE00DC9054 /* FirebaseRemoteConfigSwift in Frameworks */ = {isa = PBXBuildFile; productRef = 956C3C4728EE5AFE00DC9054 /* FirebaseRemoteConfigSwift */; };
		956C3C4A28EE5AFE00DC9054 /* FirebaseStorage in Frameworks */ = {isa = PBXBuildFile; productRef = 956C3C4928EE5AFE00DC9054 /* FirebaseStorage */; };
		956C3C4C28EE5AFE00DC9054 /* FirebaseStorageCombine-Community in Frameworks */ = {isa = PBXBuildFile; productRef = 956C3C4B28EE5AFE00DC9054 /* FirebaseStorageCombine-Community */; };
		957C49F72900A6D70000A974 /* LoginViewController.swift in Sources */ = {isa = PBXBuildFile; fileRef = 957C49F62900A6D70000A974 /* LoginViewController.swift */; };
		9591806F28EE4C45000F9FD1 /* FirebaseAnalytics in Frameworks */ = {isa = PBXBuildFile; productRef = 9591806E28EE4C45000F9FD1 /* FirebaseAnalytics */; };
		9591807128EE4C45000F9FD1 /* FirebaseAuth in Frameworks */ = {isa = PBXBuildFile; productRef = 9591807028EE4C45000F9FD1 /* FirebaseAuth */; };
		9591807328EE4C45000F9FD1 /* FirebaseDatabase in Frameworks */ = {isa = PBXBuildFile; productRef = 9591807228EE4C45000F9FD1 /* FirebaseDatabase */; };
		9591807528EE4C45000F9FD1 /* FirebaseDatabaseSwift in Frameworks */ = {isa = PBXBuildFile; productRef = 9591807428EE4C45000F9FD1 /* FirebaseDatabaseSwift */; };
		9591807928EE5023000F9FD1 /* GoogleService-Info.plist in Resources */ = {isa = PBXBuildFile; fileRef = 9591807828EE5023000F9FD1 /* GoogleService-Info.plist */; };
		95EA616628EB9CFA006F8690 /* AppDelegate.swift in Sources */ = {isa = PBXBuildFile; fileRef = 95EA616528EB9CFA006F8690 /* AppDelegate.swift */; };
		95EA616828EB9CFA006F8690 /* SceneDelegate.swift in Sources */ = {isa = PBXBuildFile; fileRef = 95EA616728EB9CFA006F8690 /* SceneDelegate.swift */; };
		95EA616A28EB9CFA006F8690 /* SignInViewController.swift in Sources */ = {isa = PBXBuildFile; fileRef = 95EA616928EB9CFA006F8690 /* SignInViewController.swift */; };
		95EA616D28EB9CFA006F8690 /* Main.storyboard in Resources */ = {isa = PBXBuildFile; fileRef = 95EA616B28EB9CFA006F8690 /* Main.storyboard */; };
		95EA616F28EB9CFB006F8690 /* Assets.xcassets in Resources */ = {isa = PBXBuildFile; fileRef = 95EA616E28EB9CFB006F8690 /* Assets.xcassets */; };
		95EA617228EB9CFB006F8690 /* LaunchScreen.storyboard in Resources */ = {isa = PBXBuildFile; fileRef = 95EA617028EB9CFB006F8690 /* LaunchScreen.storyboard */; };
/* End PBXBuildFile section */

/* Begin PBXFileReference section */
		957C49F62900A6D70000A974 /* LoginViewController.swift */ = {isa = PBXFileReference; lastKnownFileType = sourcecode.swift; path = LoginViewController.swift; sourceTree = "<group>"; };
		9591807828EE5023000F9FD1 /* GoogleService-Info.plist */ = {isa = PBXFileReference; fileEncoding = 4; lastKnownFileType = text.plist.xml; name = "GoogleService-Info.plist"; path = "../../../../../Downloads/GoogleService-Info.plist"; sourceTree = "<group>"; };
		95EA616228EB9CFA006F8690 /* Attendance.app */ = {isa = PBXFileReference; explicitFileType = wrapper.application; includeInIndex = 0; path = Attendance.app; sourceTree = BUILT_PRODUCTS_DIR; };
		95EA616528EB9CFA006F8690 /* AppDelegate.swift */ = {isa = PBXFileReference; lastKnownFileType = sourcecode.swift; path = AppDelegate.swift; sourceTree = "<group>"; };
		95EA616728EB9CFA006F8690 /* SceneDelegate.swift */ = {isa = PBXFileReference; lastKnownFileType = sourcecode.swift; path = SceneDelegate.swift; sourceTree = "<group>"; };
		95EA616928EB9CFA006F8690 /* SignInViewController.swift */ = {isa = PBXFileReference; lastKnownFileType = sourcecode.swift; path = SignInViewController.swift; sourceTree = "<group>"; };
		95EA616C28EB9CFA006F8690 /* Base */ = {isa = PBXFileReference; lastKnownFileType = file.storyboard; name = Base; path = Base.lproj/Main.storyboard; sourceTree = "<group>"; };
		95EA616E28EB9CFB006F8690 /* Assets.xcassets */ = {isa = PBXFileReference; lastKnownFileType = folder.assetcatalog; path = Assets.xcassets; sourceTree = "<group>"; };
		95EA617128EB9CFB006F8690 /* Base */ = {isa = PBXFileReference; lastKnownFileType = file.storyboard; name = Base; path = Base.lproj/LaunchScreen.storyboard; sourceTree = "<group>"; };
		95EA617328EB9CFB006F8690 /* Info.plist */ = {isa = PBXFileReference; lastKnownFileType = text.plist.xml; path = Info.plist; sourceTree = "<group>"; };
/* End PBXFileReference section */

/* Begin PBXFrameworksBuildPhase section */
		95EA615F28EB9CFA006F8690 /* Frameworks */ = {
			isa = PBXFrameworksBuildPhase;
			buildActionMask = 2147483647;
			files = (
				956C3C1B28EE561C00DC9054 /* GoogleSignIn in Frameworks */,
				956C3C3428EE5AFE00DC9054 /* FirebaseFirestoreSwift in Frameworks */,
				9591807528EE4C45000F9FD1 /* FirebaseDatabaseSwift in Frameworks */,
				956C3C4228EE5AFE00DC9054 /* FirebaseMLModelDownloader in Frameworks */,
				956C3C4028EE5AFE00DC9054 /* FirebaseMessaging in Frameworks */,
				956C3C3628EE5AFE00DC9054 /* FirebaseFunctions in Frameworks */,
				9591807328EE4C45000F9FD1 /* FirebaseDatabase in Frameworks */,
				956C3C2028EE5AFE00DC9054 /* FirebaseAnalyticsOnDeviceConversion in Frameworks */,
				956C3C2228EE5AFE00DC9054 /* FirebaseAnalyticsSwift in Frameworks */,
				956C3C2E28EE5AFE00DC9054 /* FirebaseDynamicLinks in Frameworks */,
				956C3C1D28EE561C00DC9054 /* GoogleSignInSwift in Frameworks */,
				9591806F28EE4C45000F9FD1 /* FirebaseAnalytics in Frameworks */,
				956C3C3028EE5AFE00DC9054 /* FirebaseFirestore in Frameworks */,
				956C3C3E28EE5AFE00DC9054 /* FirebaseInstallations in Frameworks */,
				956C3C3828EE5AFE00DC9054 /* FirebaseFunctionsCombine-Community in Frameworks */,
				956C3C3228EE5AFE00DC9054 /* FirebaseFirestoreCombine-Community in Frameworks */,
				956C3C2A28EE5AFE00DC9054 /* FirebaseAuthCombine-Community in Frameworks */,
				956C3C4428EE5AFE00DC9054 /* FirebasePerformance in Frameworks */,
				956C3C2428EE5AFE00DC9054 /* FirebaseAnalyticsWithoutAdIdSupport in Frameworks */,
				956C3C2C28EE5AFE00DC9054 /* FirebaseCrashlytics in Frameworks */,
				956C3C3C28EE5AFE00DC9054 /* FirebaseInAppMessagingSwift-Beta in Frameworks */,
				956C3C4828EE5AFE00DC9054 /* FirebaseRemoteConfigSwift in Frameworks */,
				956C3C2628EE5AFE00DC9054 /* FirebaseAppCheck in Frameworks */,
				956C3C2828EE5AFE00DC9054 /* FirebaseAppDistribution-Beta in Frameworks */,
				956C3C4628EE5AFE00DC9054 /* FirebaseRemoteConfig in Frameworks */,
				956C3C4A28EE5AFE00DC9054 /* FirebaseStorage in Frameworks */,
				9591807128EE4C45000F9FD1 /* FirebaseAuth in Frameworks */,
				956C3C4C28EE5AFE00DC9054 /* FirebaseStorageCombine-Community in Frameworks */,
				956C3C3A28EE5AFE00DC9054 /* FirebaseInAppMessaging-Beta in Frameworks */,
			);
			runOnlyForDeploymentPostprocessing = 0;
		};
/* End PBXFrameworksBuildPhase section */

/* Begin PBXGroup section */
		956C3C1E28EE5AFE00DC9054 /* Frameworks */ = {
			isa = PBXGroup;
			children = (
			);
			name = Frameworks;
			sourceTree = "<group>";
		};
		95EA615928EB9CFA006F8690 = {
			isa = PBXGroup;
			children = (
				95EA616428EB9CFA006F8690 /* Attendance */,
				95EA616328EB9CFA006F8690 /* Products */,
				956C3C1E28EE5AFE00DC9054 /* Frameworks */,
			);
			sourceTree = "<group>";
		};
		95EA616328EB9CFA006F8690 /* Products */ = {
			isa = PBXGroup;
			children = (
				95EA616228EB9CFA006F8690 /* Attendance.app */,
			);
			name = Products;
			sourceTree = "<group>";
		};
		95EA616428EB9CFA006F8690 /* Attendance */ = {
			isa = PBXGroup;
			children = (
				95EA616528EB9CFA006F8690 /* AppDelegate.swift */,
				95EA616728EB9CFA006F8690 /* SceneDelegate.swift */,
				957C49F62900A6D70000A974 /* LoginViewController.swift */,
				95EA616928EB9CFA006F8690 /* SignInViewController.swift */,
				95EA616B28EB9CFA006F8690 /* Main.storyboard */,
				95EA616E28EB9CFB006F8690 /* Assets.xcassets */,
				95EA617028EB9CFB006F8690 /* LaunchScreen.storyboard */,
				9591807828EE5023000F9FD1 /* GoogleService-Info.plist */,
				95EA617328EB9CFB006F8690 /* Info.plist */,
			);
			path = Attendance;
			sourceTree = "<group>";
		};
/* End PBXGroup section */

/* Begin PBXNativeTarget section */
		95EA616128EB9CFA006F8690 /* Attendance */ = {
			isa = PBXNativeTarget;
			buildConfigurationList = 95EA617628EB9CFB006F8690 /* Build configuration list for PBXNativeTarget "Attendance" */;
			buildPhases = (
				95EA615E28EB9CFA006F8690 /* Sources */,
				95EA615F28EB9CFA006F8690 /* Frameworks */,
				95EA616028EB9CFA006F8690 /* Resources */,
			);
			buildRules = (
			);
			dependencies = (
			);
			name = Attendance;
			packageProductDependencies = (
				9591806E28EE4C45000F9FD1 /* FirebaseAnalytics */,
				9591807028EE4C45000F9FD1 /* FirebaseAuth */,
				9591807228EE4C45000F9FD1 /* FirebaseDatabase */,
				9591807428EE4C45000F9FD1 /* FirebaseDatabaseSwift */,
				956C3C1A28EE561C00DC9054 /* GoogleSignIn */,
				956C3C1C28EE561C00DC9054 /* GoogleSignInSwift */,
				956C3C1F28EE5AFE00DC9054 /* FirebaseAnalyticsOnDeviceConversion */,
				956C3C2128EE5AFE00DC9054 /* FirebaseAnalyticsSwift */,
				956C3C2328EE5AFE00DC9054 /* FirebaseAnalyticsWithoutAdIdSupport */,
				956C3C2528EE5AFE00DC9054 /* FirebaseAppCheck */,
				956C3C2728EE5AFE00DC9054 /* FirebaseAppDistribution-Beta */,
				956C3C2928EE5AFE00DC9054 /* FirebaseAuthCombine-Community */,
				956C3C2B28EE5AFE00DC9054 /* FirebaseCrashlytics */,
				956C3C2D28EE5AFE00DC9054 /* FirebaseDynamicLinks */,
				956C3C2F28EE5AFE00DC9054 /* FirebaseFirestore */,
				956C3C3128EE5AFE00DC9054 /* FirebaseFirestoreCombine-Community */,
				956C3C3328EE5AFE00DC9054 /* FirebaseFirestoreSwift */,
				956C3C3528EE5AFE00DC9054 /* FirebaseFunctions */,
				956C3C3728EE5AFE00DC9054 /* FirebaseFunctionsCombine-Community */,
				956C3C3928EE5AFE00DC9054 /* FirebaseInAppMessaging-Beta */,
				956C3C3B28EE5AFE00DC9054 /* FirebaseInAppMessagingSwift-Beta */,
				956C3C3D28EE5AFE00DC9054 /* FirebaseInstallations */,
				956C3C3F28EE5AFE00DC9054 /* FirebaseMessaging */,
				956C3C4128EE5AFE00DC9054 /* FirebaseMLModelDownloader */,
				956C3C4328EE5AFE00DC9054 /* FirebasePerformance */,
				956C3C4528EE5AFE00DC9054 /* FirebaseRemoteConfig */,
				956C3C4728EE5AFE00DC9054 /* FirebaseRemoteConfigSwift */,
				956C3C4928EE5AFE00DC9054 /* FirebaseStorage */,
				956C3C4B28EE5AFE00DC9054 /* FirebaseStorageCombine-Community */,
			);
			productName = Attendance;
			productReference = 95EA616228EB9CFA006F8690 /* Attendance.app */;
			productType = "com.apple.product-type.application";
		};
/* End PBXNativeTarget section */

/* Begin PBXProject section */
		95EA615A28EB9CFA006F8690 /* Project object */ = {
			isa = PBXProject;
			attributes = {
				BuildIndependentTargetsInParallel = 1;
				LastSwiftUpdateCheck = 1320;
				LastUpgradeCheck = 1320;
				TargetAttributes = {
					95EA616128EB9CFA006F8690 = {
						CreatedOnToolsVersion = 13.2.1;
					};
				};
			};
			buildConfigurationList = 95EA615D28EB9CFA006F8690 /* Build configuration list for PBXProject "Attendance" */;
			compatibilityVersion = "Xcode 13.0";
			developmentRegion = en;
			hasScannedForEncodings = 0;
			knownRegions = (
				en,
				Base,
			);
			mainGroup = 95EA615928EB9CFA006F8690;
			packageReferences = (
				9591806D28EE4C45000F9FD1 /* XCRemoteSwiftPackageReference "firebase-ios-sdk" */,
				956C3C1928EE561C00DC9054 /* XCRemoteSwiftPackageReference "GoogleSignIn-iOS" */,
			);
			productRefGroup = 95EA616328EB9CFA006F8690 /* Products */;
			projectDirPath = "";
			projectRoot = "";
			targets = (
				95EA616128EB9CFA006F8690 /* Attendance */,
			);
		};
/* End PBXProject section */

/* Begin PBXResourcesBuildPhase section */
		95EA616028EB9CFA006F8690 /* Resources */ = {
			isa = PBXResourcesBuildPhase;
			buildActionMask = 2147483647;
			files = (
				95EA617228EB9CFB006F8690 /* LaunchScreen.storyboard in Resources */,
				9591807928EE5023000F9FD1 /* GoogleService-Info.plist in Resources */,
				95EA616F28EB9CFB006F8690 /* Assets.xcassets in Resources */,
				95EA616D28EB9CFA006F8690 /* Main.storyboard in Resources */,
			);
			runOnlyForDeploymentPostprocessing = 0;
		};
/* End PBXResourcesBuildPhase section */

/* Begin PBXSourcesBuildPhase section */
		95EA615E28EB9CFA006F8690 /* Sources */ = {
			isa = PBXSourcesBuildPhase;
			buildActionMask = 2147483647;
			files = (
				957C49F72900A6D70000A974 /* LoginViewController.swift in Sources */,
				95EA616A28EB9CFA006F8690 /* SignInViewController.swift in Sources */,
				95EA616628EB9CFA006F8690 /* AppDelegate.swift in Sources */,
				95EA616828EB9CFA006F8690 /* SceneDelegate.swift in Sources */,
			);
			runOnlyForDeploymentPostprocessing = 0;
		};
/* End PBXSourcesBuildPhase section */

/* Begin PBXVariantGroup section */
		95EA616B28EB9CFA006F8690 /* Main.storyboard */ = {
			isa = PBXVariantGroup;
			children = (
				95EA616C28EB9CFA006F8690 /* Base */,
			);
			name = Main.storyboard;
			sourceTree = "<group>";
		};
		95EA617028EB9CFB006F8690 /* LaunchScreen.storyboard */ = {
			isa = PBXVariantGroup;
			children = (
				95EA617128EB9CFB006F8690 /* Base */,
			);
			name = LaunchScreen.storyboard;
			sourceTree = "<group>";
		};
/* End PBXVariantGroup section */

/* Begin XCBuildConfiguration section */
		95EA617428EB9CFB006F8690 /* Debug */ = {
			isa = XCBuildConfiguration;
			buildSettings = {
				ALWAYS_SEARCH_USER_PATHS = NO;
				CLANG_ANALYZER_NONNULL = YES;
				CLANG_ANALYZER_NUMBER_OBJECT_CONVERSION = YES_AGGRESSIVE;
				CLANG_CXX_LANGUAGE_STANDARD = "gnu++17";
				CLANG_CXX_LIBRARY = "libc++";
				CLANG_ENABLE_MODULES = YES;
				CLANG_ENABLE_OBJC_ARC = YES;
				CLANG_ENABLE_OBJC_WEAK = YES;
				CLANG_WARN_BLOCK_CAPTURE_AUTORELEASING = YES;
				CLANG_WARN_BOOL_CONVERSION = YES;
				CLANG_WARN_COMMA = YES;
				CLANG_WARN_CONSTANT_CONVERSION = YES;
				CLANG_WARN_DEPRECATED_OBJC_IMPLEMENTATIONS = YES;
				CLANG_WARN_DIRECT_OBJC_ISA_USAGE = YES_ERROR;
				CLANG_WARN_DOCUMENTATION_COMMENTS = YES;
				CLANG_WARN_EMPTY_BODY = YES;
				CLANG_WARN_ENUM_CONVERSION = YES;
				CLANG_WARN_INFINITE_RECURSION = YES;
				CLANG_WARN_INT_CONVERSION = YES;
				CLANG_WARN_NON_LITERAL_NULL_CONVERSION = YES;
				CLANG_WARN_OBJC_IMPLICIT_RETAIN_SELF = YES;
				CLANG_WARN_OBJC_LITERAL_CONVERSION = YES;
				CLANG_WARN_OBJC_ROOT_CLASS = YES_ERROR;
				CLANG_WARN_QUOTED_INCLUDE_IN_FRAMEWORK_HEADER = YES;
				CLANG_WARN_RANGE_LOOP_ANALYSIS = YES;
				CLANG_WARN_STRICT_PROTOTYPES = YES;
				CLANG_WARN_SUSPICIOUS_MOVE = YES;
				CLANG_WARN_UNGUARDED_AVAILABILITY = YES_AGGRESSIVE;
				CLANG_WARN_UNREACHABLE_CODE = YES;
				CLANG_WARN__DUPLICATE_METHOD_MATCH = YES;
				COPY_PHASE_STRIP = NO;
				DEBUG_INFORMATION_FORMAT = dwarf;
				ENABLE_STRICT_OBJC_MSGSEND = YES;
				ENABLE_TESTABILITY = YES;
				GCC_C_LANGUAGE_STANDARD = gnu11;
				GCC_DYNAMIC_NO_PIC = NO;
				GCC_NO_COMMON_BLOCKS = YES;
				GCC_OPTIMIZATION_LEVEL = 0;
				GCC_PREPROCESSOR_DEFINITIONS = (
					"DEBUG=1",
					"$(inherited)",
				);
				GCC_WARN_64_TO_32_BIT_CONVERSION = YES;
				GCC_WARN_ABOUT_RETURN_TYPE = YES_ERROR;
				GCC_WARN_UNDECLARED_SELECTOR = YES;
				GCC_WARN_UNINITIALIZED_AUTOS = YES_AGGRESSIVE;
				GCC_WARN_UNUSED_FUNCTION = YES;
				GCC_WARN_UNUSED_VARIABLE = YES;
				IPHONEOS_DEPLOYMENT_TARGET = 15.2;
				MTL_ENABLE_DEBUG_INFO = INCLUDE_SOURCE;
				MTL_FAST_MATH = YES;
				ONLY_ACTIVE_ARCH = YES;
				SDKROOT = iphoneos;
				SWIFT_ACTIVE_COMPILATION_CONDITIONS = DEBUG;
				SWIFT_OPTIMIZATION_LEVEL = "-Onone";
			};
			name = Debug;
		};
		95EA617528EB9CFB006F8690 /* Release */ = {
			isa = XCBuildConfiguration;
			buildSettings = {
				ALWAYS_SEARCH_USER_PATHS = NO;
				CLANG_ANALYZER_NONNULL = YES;
				CLANG_ANALYZER_NUMBER_OBJECT_CONVERSION = YES_AGGRESSIVE;
				CLANG_CXX_LANGUAGE_STANDARD = "gnu++17";
				CLANG_CXX_LIBRARY = "libc++";
				CLANG_ENABLE_MODULES = YES;
				CLANG_ENABLE_OBJC_ARC = YES;
				CLANG_ENABLE_OBJC_WEAK = YES;
				CLANG_WARN_BLOCK_CAPTURE_AUTORELEASING = YES;
				CLANG_WARN_BOOL_CONVERSION = YES;
				CLANG_WARN_COMMA = YES;
				CLANG_WARN_CONSTANT_CONVERSION = YES;
				CLANG_WARN_DEPRECATED_OBJC_IMPLEMENTATIONS = YES;
				CLANG_WARN_DIRECT_OBJC_ISA_USAGE = YES_ERROR;
				CLANG_WARN_DOCUMENTATION_COMMENTS = YES;
				CLANG_WARN_EMPTY_BODY = YES;
				CLANG_WARN_ENUM_CONVERSION = YES;
				CLANG_WARN_INFINITE_RECURSION = YES;
				CLANG_WARN_INT_CONVERSION = YES;
				CLANG_WARN_NON_LITERAL_NULL_CONVERSION = YES;
				CLANG_WARN_OBJC_IMPLICIT_RETAIN_SELF = YES;
				CLANG_WARN_OBJC_LITERAL_CONVERSION = YES;
				CLANG_WARN_OBJC_ROOT_CLASS = YES_ERROR;
				CLANG_WARN_QUOTED_INCLUDE_IN_FRAMEWORK_HEADER = YES;
				CLANG_WARN_RANGE_LOOP_ANALYSIS = YES;
				CLANG_WARN_STRICT_PROTOTYPES = YES;
				CLANG_WARN_SUSPICIOUS_MOVE = YES;
				CLANG_WARN_UNGUARDED_AVAILABILITY = YES_AGGRESSIVE;
				CLANG_WARN_UNREACHABLE_CODE = YES;
				CLANG_WARN__DUPLICATE_METHOD_MATCH = YES;
				COPY_PHASE_STRIP = NO;
				DEBUG_INFORMATION_FORMAT = "dwarf-with-dsym";
				ENABLE_NS_ASSERTIONS = NO;
				ENABLE_STRICT_OBJC_MSGSEND = YES;
				GCC_C_LANGUAGE_STANDARD = gnu11;
				GCC_NO_COMMON_BLOCKS = YES;
				GCC_WARN_64_TO_32_BIT_CONVERSION = YES;
				GCC_WARN_ABOUT_RETURN_TYPE = YES_ERROR;
				GCC_WARN_UNDECLARED_SELECTOR = YES;
				GCC_WARN_UNINITIALIZED_AUTOS = YES_AGGRESSIVE;
				GCC_WARN_UNUSED_FUNCTION = YES;
				GCC_WARN_UNUSED_VARIABLE = YES;
				IPHONEOS_DEPLOYMENT_TARGET = 15.2;
				MTL_ENABLE_DEBUG_INFO = NO;
				MTL_FAST_MATH = YES;
				SDKROOT = iphoneos;
				SWIFT_COMPILATION_MODE = wholemodule;
				SWIFT_OPTIMIZATION_LEVEL = "-O";
				VALIDATE_PRODUCT = YES;
			};
			name = Release;
		};
		95EA617728EB9CFB006F8690 /* Debug */ = {
			isa = XCBuildConfiguration;
			buildSettings = {
				ASSETCATALOG_COMPILER_APPICON_NAME = AppIcon;
				ASSETCATALOG_COMPILER_GLOBAL_ACCENT_COLOR_NAME = AccentColor;
				CODE_SIGN_STYLE = Automatic;
				CURRENT_PROJECT_VERSION = 1;
				DEVELOPMENT_TEAM = 74A6J98LHE;
				GENERATE_INFOPLIST_FILE = YES;
				INFOPLIST_FILE = Attendance/Info.plist;
				INFOPLIST_KEY_UIApplicationSupportsIndirectInputEvents = YES;
				INFOPLIST_KEY_UILaunchStoryboardName = LaunchScreen;
				INFOPLIST_KEY_UIMainStoryboardFile = Main;
				INFOPLIST_KEY_UISupportedInterfaceOrientations_iPad = "UIInterfaceOrientationPortrait UIInterfaceOrientationPortraitUpsideDown UIInterfaceOrientationLandscapeLeft UIInterfaceOrientationLandscapeRight";
				INFOPLIST_KEY_UISupportedInterfaceOrientations_iPhone = "UIInterfaceOrientationPortrait UIInterfaceOrientationLandscapeLeft UIInterfaceOrientationLandscapeRight";
				LD_RUNPATH_SEARCH_PATHS = (
					"$(inherited)",
					"@executable_path/Frameworks",
				);
				MARKETING_VERSION = 1.0;
				PRODUCT_BUNDLE_IDENTIFIER = SKBN.Attendance;
				PRODUCT_NAME = "$(TARGET_NAME)";
				SWIFT_EMIT_LOC_STRINGS = YES;
				SWIFT_VERSION = 5.0;
				TARGETED_DEVICE_FAMILY = "1,2";
			};
			name = Debug;
		};
		95EA617828EB9CFB006F8690 /* Release */ = {
			isa = XCBuildConfiguration;
			buildSettings = {
				ASSETCATALOG_COMPILER_APPICON_NAME = AppIcon;
				ASSETCATALOG_COMPILER_GLOBAL_ACCENT_COLOR_NAME = AccentColor;
				CODE_SIGN_STYLE = Automatic;
				CURRENT_PROJECT_VERSION = 1;
				DEVELOPMENT_TEAM = 74A6J98LHE;
				GENERATE_INFOPLIST_FILE = YES;
				INFOPLIST_FILE = Attendance/Info.plist;
				INFOPLIST_KEY_UIApplicationSupportsIndirectInputEvents = YES;
				INFOPLIST_KEY_UILaunchStoryboardName = LaunchScreen;
				INFOPLIST_KEY_UIMainStoryboardFile = Main;
				INFOPLIST_KEY_UISupportedInterfaceOrientations_iPad = "UIInterfaceOrientationPortrait UIInterfaceOrientationPortraitUpsideDown UIInterfaceOrientationLandscapeLeft UIInterfaceOrientationLandscapeRight";
				INFOPLIST_KEY_UISupportedInterfaceOrientations_iPhone = "UIInterfaceOrientationPortrait UIInterfaceOrientationLandscapeLeft UIInterfaceOrientationLandscapeRight";
				LD_RUNPATH_SEARCH_PATHS = (
					"$(inherited)",
					"@executable_path/Frameworks",
				);
				MARKETING_VERSION = 1.0;
				PRODUCT_BUNDLE_IDENTIFIER = SKBN.Attendance;
				PRODUCT_NAME = "$(TARGET_NAME)";
				SWIFT_EMIT_LOC_STRINGS = YES;
				SWIFT_VERSION = 5.0;
				TARGETED_DEVICE_FAMILY = "1,2";
			};
			name = Release;
		};
/* End XCBuildConfiguration section */

/* Begin XCConfigurationList section */
		95EA615D28EB9CFA006F8690 /* Build configuration list for PBXProject "Attendance" */ = {
			isa = XCConfigurationList;
			buildConfigurations = (
				95EA617428EB9CFB006F8690 /* Debug */,
				95EA617528EB9CFB006F8690 /* Release */,
			);
			defaultConfigurationIsVisible = 0;
			defaultConfigurationName = Release;
		};
		95EA617628EB9CFB006F8690 /* Build configuration list for PBXNativeTarget "Attendance" */ = {
			isa = XCConfigurationList;
			buildConfigurations = (
				95EA617728EB9CFB006F8690 /* Debug */,
				95EA617828EB9CFB006F8690 /* Release */,
			);
			defaultConfigurationIsVisible = 0;
			defaultConfigurationName = Release;
		};
/* End XCConfigurationList section */

/* Begin XCRemoteSwiftPackageReference section */
		956C3C1928EE561C00DC9054 /* XCRemoteSwiftPackageReference "GoogleSignIn-iOS" */ = {
			isa = XCRemoteSwiftPackageReference;
			repositoryURL = "https://github.com/google/GoogleSignIn-iOS.git";
			requirement = {
				kind = upToNextMajorVersion;
				minimumVersion = 6.0.0;
			};
		};
		9591806D28EE4C45000F9FD1 /* XCRemoteSwiftPackageReference "firebase-ios-sdk" */ = {
			isa = XCRemoteSwiftPackageReference;
			repositoryURL = "https://github.com/firebase/firebase-ios-sdk";
			requirement = {
				kind = upToNextMajorVersion;
				minimumVersion = 9.0.0;
			};
		};
/* End XCRemoteSwiftPackageReference section */

/* Begin XCSwiftPackageProductDependency section */
		956C3C1A28EE561C00DC9054 /* GoogleSignIn */ = {
			isa = XCSwiftPackageProductDependency;
			package = 956C3C1928EE561C00DC9054 /* XCRemoteSwiftPackageReference "GoogleSignIn-iOS" */;
			productName = GoogleSignIn;
		};
		956C3C1C28EE561C00DC9054 /* GoogleSignInSwift */ = {
			isa = XCSwiftPackageProductDependency;
			package = 956C3C1928EE561C00DC9054 /* XCRemoteSwiftPackageReference "GoogleSignIn-iOS" */;
			productName = GoogleSignInSwift;
		};
		956C3C1F28EE5AFE00DC9054 /* FirebaseAnalyticsOnDeviceConversion */ = {
			isa = XCSwiftPackageProductDependency;
			package = 9591806D28EE4C45000F9FD1 /* XCRemoteSwiftPackageReference "firebase-ios-sdk" */;
			productName = FirebaseAnalyticsOnDeviceConversion;
		};
		956C3C2128EE5AFE00DC9054 /* FirebaseAnalyticsSwift */ = {
			isa = XCSwiftPackageProductDependency;
			package = 9591806D28EE4C45000F9FD1 /* XCRemoteSwiftPackageReference "firebase-ios-sdk" */;
			productName = FirebaseAnalyticsSwift;
		};
		956C3C2328EE5AFE00DC9054 /* FirebaseAnalyticsWithoutAdIdSupport */ = {
			isa = XCSwiftPackageProductDependency;
			package = 9591806D28EE4C45000F9FD1 /* XCRemoteSwiftPackageReference "firebase-ios-sdk" */;
			productName = FirebaseAnalyticsWithoutAdIdSupport;
		};
		956C3C2528EE5AFE00DC9054 /* FirebaseAppCheck */ = {
			isa = XCSwiftPackageProductDependency;
			package = 9591806D28EE4C45000F9FD1 /* XCRemoteSwiftPackageReference "firebase-ios-sdk" */;
			productName = FirebaseAppCheck;
		};
		956C3C2728EE5AFE00DC9054 /* FirebaseAppDistribution-Beta */ = {
			isa = XCSwiftPackageProductDependency;
			package = 9591806D28EE4C45000F9FD1 /* XCRemoteSwiftPackageReference "firebase-ios-sdk" */;
			productName = "FirebaseAppDistribution-Beta";
		};
		956C3C2928EE5AFE00DC9054 /* FirebaseAuthCombine-Community */ = {
			isa = XCSwiftPackageProductDependency;
			package = 9591806D28EE4C45000F9FD1 /* XCRemoteSwiftPackageReference "firebase-ios-sdk" */;
			productName = "FirebaseAuthCombine-Community";
		};
		956C3C2B28EE5AFE00DC9054 /* FirebaseCrashlytics */ = {
			isa = XCSwiftPackageProductDependency;
			package = 9591806D28EE4C45000F9FD1 /* XCRemoteSwiftPackageReference "firebase-ios-sdk" */;
			productName = FirebaseCrashlytics;
		};
		956C3C2D28EE5AFE00DC9054 /* FirebaseDynamicLinks */ = {
			isa = XCSwiftPackageProductDependency;
			package = 9591806D28EE4C45000F9FD1 /* XCRemoteSwiftPackageReference "firebase-ios-sdk" */;
			productName = FirebaseDynamicLinks;
		};
		956C3C2F28EE5AFE00DC9054 /* FirebaseFirestore */ = {
			isa = XCSwiftPackageProductDependency;
			package = 9591806D28EE4C45000F9FD1 /* XCRemoteSwiftPackageReference "firebase-ios-sdk" */;
			productName = FirebaseFirestore;
		};
		956C3C3128EE5AFE00DC9054 /* FirebaseFirestoreCombine-Community */ = {
			isa = XCSwiftPackageProductDependency;
			package = 9591806D28EE4C45000F9FD1 /* XCRemoteSwiftPackageReference "firebase-ios-sdk" */;
			productName = "FirebaseFirestoreCombine-Community";
		};
		956C3C3328EE5AFE00DC9054 /* FirebaseFirestoreSwift */ = {
			isa = XCSwiftPackageProductDependency;
			package = 9591806D28EE4C45000F9FD1 /* XCRemoteSwiftPackageReference "firebase-ios-sdk" */;
			productName = FirebaseFirestoreSwift;
		};
		956C3C3528EE5AFE00DC9054 /* FirebaseFunctions */ = {
			isa = XCSwiftPackageProductDependency;
			package = 9591806D28EE4C45000F9FD1 /* XCRemoteSwiftPackageReference "firebase-ios-sdk" */;
			productName = FirebaseFunctions;
		};
		956C3C3728EE5AFE00DC9054 /* FirebaseFunctionsCombine-Community */ = {
			isa = XCSwiftPackageProductDependency;
			package = 9591806D28EE4C45000F9FD1 /* XCRemoteSwiftPackageReference "firebase-ios-sdk" */;
			productName = "FirebaseFunctionsCombine-Community";
		};
		956C3C3928EE5AFE00DC9054 /* FirebaseInAppMessaging-Beta */ = {
			isa = XCSwiftPackageProductDependency;
			package = 9591806D28EE4C45000F9FD1 /* XCRemoteSwiftPackageReference "firebase-ios-sdk" */;
			productName = "FirebaseInAppMessaging-Beta";
		};
		956C3C3B28EE5AFE00DC9054 /* FirebaseInAppMessagingSwift-Beta */ = {
			isa = XCSwiftPackageProductDependency;
			package = 9591806D28EE4C45000F9FD1 /* XCRemoteSwiftPackageReference "firebase-ios-sdk" */;
			productName = "FirebaseInAppMessagingSwift-Beta";
		};
		956C3C3D28EE5AFE00DC9054 /* FirebaseInstallations */ = {
			isa = XCSwiftPackageProductDependency;
			package = 9591806D28EE4C45000F9FD1 /* XCRemoteSwiftPackageReference "firebase-ios-sdk" */;
			productName = FirebaseInstallations;
		};
		956C3C3F28EE5AFE00DC9054 /* FirebaseMessaging */ = {
			isa = XCSwiftPackageProductDependency;
			package = 9591806D28EE4C45000F9FD1 /* XCRemoteSwiftPackageReference "firebase-ios-sdk" */;
			productName = FirebaseMessaging;
		};
		956C3C4128EE5AFE00DC9054 /* FirebaseMLModelDownloader */ = {
			isa = XCSwiftPackageProductDependency;
			package = 9591806D28EE4C45000F9FD1 /* XCRemoteSwiftPackageReference "firebase-ios-sdk" */;
			productName = FirebaseMLModelDownloader;
		};
		956C3C4328EE5AFE00DC9054 /* FirebasePerformance */ = {
			isa = XCSwiftPackageProductDependency;
			package = 9591806D28EE4C45000F9FD1 /* XCRemoteSwiftPackageReference "firebase-ios-sdk" */;
			productName = FirebasePerformance;
		};
		956C3C4528EE5AFE00DC9054 /* FirebaseRemoteConfig */ = {
			isa = XCSwiftPackageProductDependency;
			package = 9591806D28EE4C45000F9FD1 /* XCRemoteSwiftPackageReference "firebase-ios-sdk" */;
			productName = FirebaseRemoteConfig;
		};
		956C3C4728EE5AFE00DC9054 /* FirebaseRemoteConfigSwift */ = {
			isa = XCSwiftPackageProductDependency;
			package = 9591806D28EE4C45000F9FD1 /* XCRemoteSwiftPackageReference "firebase-ios-sdk" */;
			productName = FirebaseRemoteConfigSwift;
		};
		956C3C4928EE5AFE00DC9054 /* FirebaseStorage */ = {
			isa = XCSwiftPackageProductDependency;
			package = 9591806D28EE4C45000F9FD1 /* XCRemoteSwiftPackageReference "firebase-ios-sdk" */;
			productName = FirebaseStorage;
		};
		956C3C4B28EE5AFE00DC9054 /* FirebaseStorageCombine-Community */ = {
			isa = XCSwiftPackageProductDependency;
			package = 9591806D28EE4C45000F9FD1 /* XCRemoteSwiftPackageReference "firebase-ios-sdk" */;
			productName = "FirebaseStorageCombine-Community";
		};
		9591806E28EE4C45000F9FD1 /* FirebaseAnalytics */ = {
			isa = XCSwiftPackageProductDependency;
			package = 9591806D28EE4C45000F9FD1 /* XCRemoteSwiftPackageReference "firebase-ios-sdk" */;
			productName = FirebaseAnalytics;
		};
		9591807028EE4C45000F9FD1 /* FirebaseAuth */ = {
			isa = XCSwiftPackageProductDependency;
			package = 9591806D28EE4C45000F9FD1 /* XCRemoteSwiftPackageReference "firebase-ios-sdk" */;
			productName = FirebaseAuth;
		};
		9591807228EE4C45000F9FD1 /* FirebaseDatabase */ = {
			isa = XCSwiftPackageProductDependency;
			package = 9591806D28EE4C45000F9FD1 /* XCRemoteSwiftPackageReference "firebase-ios-sdk" */;
			productName = FirebaseDatabase;
		};
		9591807428EE4C45000F9FD1 /* FirebaseDatabaseSwift */ = {
			isa = XCSwiftPackageProductDependency;
			package = 9591806D28EE4C45000F9FD1 /* XCRemoteSwiftPackageReference "firebase-ios-sdk" */;
			productName = FirebaseDatabaseSwift;
		};
/* End XCSwiftPackageProductDependency section */
	};
	rootObject = 95EA615A28EB9CFA006F8690 /* Project object */;
}
